
Microsoft Visual Studio Solution File, Format Version 12.00
# Visual Studio 14
VisualStudioVersion = 14.0.22823.1
MinimumVisualStudioVersion = 10.0.40219.1
Project("{FAE04EC0-301F-11D3-BF4B-00C04F79EFBC}") = "Graphs", "Graphs\Graphs.csproj", "{6E5E7A83-7E35-48B8-A0AC-B30651A061A0}"
EndProject
Project("{FAE04EC0-301F-11D3-BF4B-00C04F79EFBC}") = "Collections", "Collections\Collections.csproj", "{1D65A0F1-C0E6-4757-9D1F-7071FA880F21}"
EndProject
Project("{FAE04EC0-301F-11D3-BF4B-00C04F79EFBC}") = "Utilities", "Utilities\Utilities.csproj", "{3353DE09-A21F-4352-9140-65EA5FB91F24}"
EndProject
Project("{FAE04EC0-301F-11D3-BF4B-00C04F79EFBC}") = "GraphTests", "GraphTests\GraphTests.csproj", "{0E3E6E45-49A7-4D10-8E65-9E0B5AA76FAB}"
EndProject
Project("{FAE04EC0-301F-11D3-BF4B-00C04F79EFBC}") = "MarkovChain", "MarkovChain\MarkovChain.csproj", "{C73474F7-42E4-4F43-B622-57978EEA4C87}"
EndProject
Global
	GlobalSection(SolutionConfigurationPlatforms) = preSolution
		Debug|Any CPU = Debug|Any CPU
		Release|Any CPU = Release|Any CPU
	EndGlobalSection
	GlobalSection(ProjectConfigurationPlatforms) = postSolution
		{6E5E7A83-7E35-48B8-A0AC-B30651A061A0}.Debug|Any CPU.ActiveCfg = Debug|Any CPU
		{6E5E7A83-7E35-48B8-A0AC-B30651A061A0}.Debug|Any CPU.Build.0 = Debug|Any CPU
		{6E5E7A83-7E35-48B8-A0AC-B30651A061A0}.Release|Any CPU.ActiveCfg = Release|Any CPU
		{6E5E7A83-7E35-48B8-A0AC-B30651A061A0}.Release|Any CPU.Build.0 = Release|Any CPU
		{1D65A0F1-C0E6-4757-9D1F-7071FA880F21}.Debug|Any CPU.ActiveCfg = Debug|Any CPU
		{1D65A0F1-C0E6-4757-9D1F-7071FA880F21}.Debug|Any CPU.Build.0 = Debug|Any CPU
		{1D65A0F1-C0E6-4757-9D1F-7071FA880F21}.Release|Any CPU.ActiveCfg = Release|Any CPU
		{1D65A0F1-C0E6-4757-9D1F-7071FA880F21}.Release|Any CPU.Build.0 = Release|Any CPU
		{3353DE09-A21F-4352-9140-65EA5FB91F24}.Debug|Any CPU.ActiveCfg = Debug|Any CPU
		{3353DE09-A21F-4352-9140-65EA5FB91F24}.Debug|Any CPU.Build.0 = Debug|Any CPU
		{3353DE09-A21F-4352-9140-65EA5FB91F24}.Release|Any CPU.ActiveCfg = Release|Any CPU
		{3353DE09-A21F-4352-9140-65EA5FB91F24}.Release|Any CPU.Build.0 = Release|Any CPU
		{0E3E6E45-49A7-4D10-8E65-9E0B5AA76FAB}.Debug|Any CPU.ActiveCfg = Debug|Any CPU
		{0E3E6E45-49A7-4D10-8E65-9E0B5AA76FAB}.Debug|Any CPU.Build.0 = Debug|Any CPU
		{0E3E6E45-49A7-4D10-8E65-9E0B5AA76FAB}.Release|Any CPU.ActiveCfg = Release|Any CPU
		{0E3E6E45-49A7-4D10-8E65-9E0B5AA76FAB}.Release|Any CPU.Build.0 = Release|Any CPU
		{C73474F7-42E4-4F43-B622-57978EEA4C87}.Debug|Any CPU.ActiveCfg = Debug|Any CPU
		{C73474F7-42E4-4F43-B622-57978EEA4C87}.Debug|Any CPU.Build.0 = Debug|Any CPU
		{C73474F7-42E4-4F43-B622-57978EEA4C87}.Release|Any CPU.ActiveCfg = Release|Any CPU
		{C73474F7-42E4-4F43-B622-57978EEA4C87}.Release|Any CPU.Build.0 = Release|Any CPU
	EndGlobalSection
	GlobalSection(SolutionProperties) = preSolution
		HideSolutionNode = FALSE
	EndGlobalSection
EndGlobal
